
Microsoft Visual Studio Solution File, Format Version 12.00
# Visual Studio Version 16
VisualStudioVersion = 16.0.29806.167
MinimumVisualStudioVersion = 10.0.40219.1
Project("{FAE04EC0-301F-11D3-BF4B-00C04F79EFBC}") = "NorthwindShopHTML", "NorthwindShopHTML\NorthwindShopHTML.csproj", "{F87F7874-240A-42ED-80C8-98E8A0020FC2}"
EndProject
Global
	GlobalSection(SolutionConfigurationPlatforms) = preSolution
		Debug|Any CPU = Debug|Any CPU
		Release|Any CPU = Release|Any CPU
	EndGlobalSection
	GlobalSection(ProjectConfigurationPlatforms) = postSolution
		{F87F7874-240A-42ED-80C8-98E8A0020FC2}.Debug|Any CPU.ActiveCfg = Debug|Any CPU
		{F87F7874-240A-42ED-80C8-98E8A0020FC2}.Debug|Any CPU.Build.0 = Debug|Any CPU
		{F87F7874-240A-42ED-80C8-98E8A0020FC2}.Release|Any CPU.ActiveCfg = Release|Any CPU
		{F87F7874-240A-42ED-80C8-98E8A0020FC2}.Release|Any CPU.Build.0 = Release|Any CPU
	EndGlobalSection
	GlobalSection(SolutionProperties) = preSolution
		HideSolutionNode = FALSE
	EndGlobalSection
	GlobalSection(ExtensibilityGlobals) = postSolution
		SolutionGuid = {BC6A6AF7-1B7C-440B-BE02-A9EB35AC83E2}
	EndGlobalSection
EndGlobal
